
Microsoft Visual Studio Solution File, Format Version 12.00
# Visual Studio Version 17
VisualStudioVersion = 17.1.32228.430
MinimumVisualStudioVersion = 10.0.40219.1
Project("{2150E333-8FDC-42A3-9474-1A3956D46DE8}") = "0 - Presentation", "0 - Presentation", "{74AB2DA7-4CD2-4A11-938E-86EE61705912}"
EndProject
Project("{2150E333-8FDC-42A3-9474-1A3956D46DE8}") = "1 - Services", "1 - Services", "{BEB2F872-E381-4570-A0D3-81B157679408}"
EndProject
Project("{2150E333-8FDC-42A3-9474-1A3956D46DE8}") = "2 - Application", "2 - Application", "{024AD312-2DA5-4160-81E0-48B1F0602365}"
EndProject
Project("{2150E333-8FDC-42A3-9474-1A3956D46DE8}") = "3 - Domain", "3 - Domain", "{4945CF5B-A346-4D4E-A114-D981013DFD1B}"
EndProject
Project("{2150E333-8FDC-42A3-9474-1A3956D46DE8}") = "4 - Infra", "4 - Infra", "{DEEE8AB8-D1A5-4772-B2A4-1B3E14A14309}"
EndProject
Project("{2150E333-8FDC-42A3-9474-1A3956D46DE8}") = "4.1 - Data", "4.1 - Data", "{067F5D3D-EEFB-433B-9DA5-D5B0CC73F678}"
EndProject
Project("{2150E333-8FDC-42A3-9474-1A3956D46DE8}") = "4.2 - CrossCutting", "4.2 - CrossCutting", "{E4AAE4A7-5DC4-4B7B-8D39-F4061C39DB19}"
EndProject
Project("{F2A71F9B-5D33-465A-A702-920D77279786}") = "DDD.Presentation", "DDD.Presentation\DDD.Presentation.fsproj", "{1B11AD27-B518-479B-BDEF-F68B3E903FC4}"
EndProject
Project("{FAE04EC0-301F-11D3-BF4B-00C04F79EFBC}") = "DDD.Services", "DDD.Services\DDD.Services.csproj", "{D0B6F4CE-F9CB-4111-89CB-FF920515BC67}"
EndProject
Project("{FAE04EC0-301F-11D3-BF4B-00C04F79EFBC}") = "DDD.Application", "DDD.Application\DDD.Application.csproj", "{24AEDCD0-5FF5-4C21-BF03-A59DA84C2F1D}"
EndProject
Project("{FAE04EC0-301F-11D3-BF4B-00C04F79EFBC}") = "DDD.Domain", "DDD.Domain\DDD.Domain.csproj", "{6424FF02-7ACA-42D4-A1F8-3D35DF21C606}"
EndProject
Project("{FAE04EC0-301F-11D3-BF4B-00C04F79EFBC}") = "DDD.Data", "DDD.Data\DDD.Data.csproj", "{12A9320F-4A07-44E3-ABCC-A2D0E05336B4}"
EndProject
Project("{FAE04EC0-301F-11D3-BF4B-00C04F79EFBC}") = "DDD.CrossCutting", "DDD.CrossCutting\DDD.CrossCutting.csproj", "{29AAD59C-101E-48F8-8CDE-F101ED4A1E53}"
EndProject
Global
	GlobalSection(SolutionConfigurationPlatforms) = preSolution
		Debug|Any CPU = Debug|Any CPU
		Release|Any CPU = Release|Any CPU
	EndGlobalSection
	GlobalSection(ProjectConfigurationPlatforms) = postSolution
		{1B11AD27-B518-479B-BDEF-F68B3E903FC4}.Debug|Any CPU.ActiveCfg = Debug|Any CPU
		{1B11AD27-B518-479B-BDEF-F68B3E903FC4}.Debug|Any CPU.Build.0 = Debug|Any CPU
		{1B11AD27-B518-479B-BDEF-F68B3E903FC4}.Release|Any CPU.ActiveCfg = Release|Any CPU
		{1B11AD27-B518-479B-BDEF-F68B3E903FC4}.Release|Any CPU.Build.0 = Release|Any CPU
		{D0B6F4CE-F9CB-4111-89CB-FF920515BC67}.Debug|Any CPU.ActiveCfg = Debug|Any CPU
		{D0B6F4CE-F9CB-4111-89CB-FF920515BC67}.Debug|Any CPU.Build.0 = Debug|Any CPU
		{D0B6F4CE-F9CB-4111-89CB-FF920515BC67}.Release|Any CPU.ActiveCfg = Release|Any CPU
		{D0B6F4CE-F9CB-4111-89CB-FF920515BC67}.Release|Any CPU.Build.0 = Release|Any CPU
		{24AEDCD0-5FF5-4C21-BF03-A59DA84C2F1D}.Debug|Any CPU.ActiveCfg = Debug|Any CPU
		{24AEDCD0-5FF5-4C21-BF03-A59DA84C2F1D}.Debug|Any CPU.Build.0 = Debug|Any CPU
		{24AEDCD0-5FF5-4C21-BF03-A59DA84C2F1D}.Release|Any CPU.ActiveCfg = Release|Any CPU
		{24AEDCD0-5FF5-4C21-BF03-A59DA84C2F1D}.Release|Any CPU.Build.0 = Release|Any CPU
		{6424FF02-7ACA-42D4-A1F8-3D35DF21C606}.Debug|Any CPU.ActiveCfg = Debug|Any CPU
		{6424FF02-7ACA-42D4-A1F8-3D35DF21C606}.Debug|Any CPU.Build.0 = Debug|Any CPU
		{6424FF02-7ACA-42D4-A1F8-3D35DF21C606}.Release|Any CPU.ActiveCfg = Release|Any CPU
		{6424FF02-7ACA-42D4-A1F8-3D35DF21C606}.Release|Any CPU.Build.0 = Release|Any CPU
		{12A9320F-4A07-44E3-ABCC-A2D0E05336B4}.Debug|Any CPU.ActiveCfg = Debug|Any CPU
		{12A9320F-4A07-44E3-ABCC-A2D0E05336B4}.Debug|Any CPU.Build.0 = Debug|Any CPU
		{12A9320F-4A07-44E3-ABCC-A2D0E05336B4}.Release|Any CPU.ActiveCfg = Release|Any CPU
		{12A9320F-4A07-44E3-ABCC-A2D0E05336B4}.Release|Any CPU.Build.0 = Release|Any CPU
		{29AAD59C-101E-48F8-8CDE-F101ED4A1E53}.Debug|Any CPU.ActiveCfg = Debug|Any CPU
		{29AAD59C-101E-48F8-8CDE-F101ED4A1E53}.Debug|Any CPU.Build.0 = Debug|Any CPU
		{29AAD59C-101E-48F8-8CDE-F101ED4A1E53}.Release|Any CPU.ActiveCfg = Release|Any CPU
		{29AAD59C-101E-48F8-8CDE-F101ED4A1E53}.Release|Any CPU.Build.0 = Release|Any CPU
	EndGlobalSection
	GlobalSection(SolutionProperties) = preSolution
		HideSolutionNode = FALSE
	EndGlobalSection
	GlobalSection(NestedProjects) = preSolution
		{067F5D3D-EEFB-433B-9DA5-D5B0CC73F678} = {DEEE8AB8-D1A5-4772-B2A4-1B3E14A14309}
		{E4AAE4A7-5DC4-4B7B-8D39-F4061C39DB19} = {DEEE8AB8-D1A5-4772-B2A4-1B3E14A14309}
		{1B11AD27-B518-479B-BDEF-F68B3E903FC4} = {74AB2DA7-4CD2-4A11-938E-86EE61705912}
		{D0B6F4CE-F9CB-4111-89CB-FF920515BC67} = {BEB2F872-E381-4570-A0D3-81B157679408}
		{24AEDCD0-5FF5-4C21-BF03-A59DA84C2F1D} = {024AD312-2DA5-4160-81E0-48B1F0602365}
		{6424FF02-7ACA-42D4-A1F8-3D35DF21C606} = {4945CF5B-A346-4D4E-A114-D981013DFD1B}
		{12A9320F-4A07-44E3-ABCC-A2D0E05336B4} = {067F5D3D-EEFB-433B-9DA5-D5B0CC73F678}
		{29AAD59C-101E-48F8-8CDE-F101ED4A1E53} = {E4AAE4A7-5DC4-4B7B-8D39-F4061C39DB19}
	EndGlobalSection
	GlobalSection(ExtensibilityGlobals) = postSolution
		SolutionGuid = {EDCEF8A5-4C49-450F-AF97-742E81BDD067}
	EndGlobalSection
EndGlobal
